
Microsoft Visual Studio Solution File, Format Version 12.00
# Visual Studio Version 17
VisualStudioVersion = 17.7.33808.371
MinimumVisualStudioVersion = 10.0.40219.1
Project("{9A19103F-16F7-4668-BE54-9A1E7A4F7556}") = "GuatexWoocommerce", "GuatexWoocommerce\GuatexWoocommerce.csproj", "{28EB8EF6-7C2E-4759-8B68-22213EF60508}"
EndProject
Project("{54435603-DBB4-11D2-8724-00A0C9A8B90C}") = "Installer", "Installer\Installer.vdproj", "{C2195AB4-BA2F-46BC-9A12-1655057FEFBB}"
EndProject
Global
	GlobalSection(SolutionConfigurationPlatforms) = preSolution
		Debug|Any CPU = Debug|Any CPU
		Release|Any CPU = Release|Any CPU
	EndGlobalSection
	GlobalSection(ProjectConfigurationPlatforms) = postSolution
		{28EB8EF6-7C2E-4759-8B68-22213EF60508}.Debug|Any CPU.ActiveCfg = Debug|Any CPU
		{28EB8EF6-7C2E-4759-8B68-22213EF60508}.Debug|Any CPU.Build.0 = Debug|Any CPU
		{28EB8EF6-7C2E-4759-8B68-22213EF60508}.Release|Any CPU.ActiveCfg = Release|Any CPU
		{28EB8EF6-7C2E-4759-8B68-22213EF60508}.Release|Any CPU.Build.0 = Release|Any CPU
		{C2195AB4-BA2F-46BC-9A12-1655057FEFBB}.Debug|Any CPU.ActiveCfg = Debug
		{C2195AB4-BA2F-46BC-9A12-1655057FEFBB}.Release|Any CPU.ActiveCfg = Release
	EndGlobalSection
	GlobalSection(SolutionProperties) = preSolution
		HideSolutionNode = FALSE
	EndGlobalSection
	GlobalSection(ExtensibilityGlobals) = postSolution
		SolutionGuid = {92768F45-27A2-4ECE-B2EF-1C3D0689B7CD}
	EndGlobalSection
EndGlobal
